
Microsoft Visual Studio Solution File, Format Version 12.00
# Visual Studio 2013
VisualStudioVersion = 12.0.31101.0
MinimumVisualStudioVersion = 10.0.40219.1
Project("{FAE04EC0-301F-11D3-BF4B-00C04F79EFBC}") = "eShop", "eShop\eShop.csproj", "{4D34B5E1-AEEC-497F-8693-DBBA7657E89F}"
	ProjectSection(ProjectDependencies) = postProject
		{B988141F-1258-4466-AF53-DCEE43BC8C44} = {B988141F-1258-4466-AF53-DCEE43BC8C44}
		{AB413157-8485-446B-8A5B-1E57290E4B0D} = {AB413157-8485-446B-8A5B-1E57290E4B0D}
		{F9E27C5F-7288-46C9-B6B0-8A799EB36FFD} = {F9E27C5F-7288-46C9-B6B0-8A799EB36FFD}
		{991EBDBE-0758-4F00-84A6-72F061A4DB5F} = {991EBDBE-0758-4F00-84A6-72F061A4DB5F}
		{6951F5D0-2BB2-4850-8B3A-CB814D8001CD} = {6951F5D0-2BB2-4850-8B3A-CB814D8001CD}
	EndProjectSection
EndProject
Project("{FAE04EC0-301F-11D3-BF4B-00C04F79EFBC}") = "Useful.Money", "Money\Useful.Money\Useful.Money.csproj", "{AB413157-8485-446B-8A5B-1E57290E4B0D}"
EndProject
Project("{FAE04EC0-301F-11D3-BF4B-00C04F79EFBC}") = "MoneyTest", "Money\TestProject\MoneyTest.csproj", "{6951F5D0-2BB2-4850-8B3A-CB814D8001CD}"
EndProject
Project("{FAE04EC0-301F-11D3-BF4B-00C04F79EFBC}") = "eShop.DataLayer", "eShop.DataLayer\eShop.DataLayer.csproj", "{991EBDBE-0758-4F00-84A6-72F061A4DB5F}"
EndProject
Project("{FAE04EC0-301F-11D3-BF4B-00C04F79EFBC}") = "eShopDataTesting", "eShopDataTesting\eShopDataTesting.csproj", "{F9E27C5F-7288-46C9-B6B0-8A799EB36FFD}"
	ProjectSection(ProjectDependencies) = postProject
		{B988141F-1258-4466-AF53-DCEE43BC8C44} = {B988141F-1258-4466-AF53-DCEE43BC8C44}
	EndProjectSection
EndProject
Project("{FAE04EC0-301F-11D3-BF4B-00C04F79EFBC}") = "eShop.DomainClasses", "eShop.DomainClasses\eShop.DomainClasses.csproj", "{B988141F-1258-4466-AF53-DCEE43BC8C44}"
EndProject
Project("{FAE04EC0-301F-11D3-BF4B-00C04F79EFBC}") = "eShop.DataLayerTest", "eShop.DataLayerTest\eShop.DataLayerTest.csproj", "{81549BAB-B1B9-45AC-AEEF-AEEE507CAEF5}"
EndProject
Global
	GlobalSection(SolutionConfigurationPlatforms) = preSolution
		Debug|Any CPU = Debug|Any CPU
		Release|Any CPU = Release|Any CPU
	EndGlobalSection
	GlobalSection(ProjectConfigurationPlatforms) = postSolution
		{4D34B5E1-AEEC-497F-8693-DBBA7657E89F}.Debug|Any CPU.ActiveCfg = Debug|Any CPU
		{4D34B5E1-AEEC-497F-8693-DBBA7657E89F}.Debug|Any CPU.Build.0 = Debug|Any CPU
		{4D34B5E1-AEEC-497F-8693-DBBA7657E89F}.Release|Any CPU.ActiveCfg = Release|Any CPU
		{4D34B5E1-AEEC-497F-8693-DBBA7657E89F}.Release|Any CPU.Build.0 = Release|Any CPU
		{AB413157-8485-446B-8A5B-1E57290E4B0D}.Debug|Any CPU.ActiveCfg = Debug|Any CPU
		{AB413157-8485-446B-8A5B-1E57290E4B0D}.Debug|Any CPU.Build.0 = Debug|Any CPU
		{AB413157-8485-446B-8A5B-1E57290E4B0D}.Release|Any CPU.ActiveCfg = Release|Any CPU
		{AB413157-8485-446B-8A5B-1E57290E4B0D}.Release|Any CPU.Build.0 = Release|Any CPU
		{6951F5D0-2BB2-4850-8B3A-CB814D8001CD}.Debug|Any CPU.ActiveCfg = Debug|Any CPU
		{6951F5D0-2BB2-4850-8B3A-CB814D8001CD}.Debug|Any CPU.Build.0 = Debug|Any CPU
		{6951F5D0-2BB2-4850-8B3A-CB814D8001CD}.Release|Any CPU.ActiveCfg = Release|Any CPU
		{6951F5D0-2BB2-4850-8B3A-CB814D8001CD}.Release|Any CPU.Build.0 = Release|Any CPU
		{991EBDBE-0758-4F00-84A6-72F061A4DB5F}.Debug|Any CPU.ActiveCfg = Debug|Any CPU
		{991EBDBE-0758-4F00-84A6-72F061A4DB5F}.Debug|Any CPU.Build.0 = Debug|Any CPU
		{991EBDBE-0758-4F00-84A6-72F061A4DB5F}.Release|Any CPU.ActiveCfg = Release|Any CPU
		{991EBDBE-0758-4F00-84A6-72F061A4DB5F}.Release|Any CPU.Build.0 = Release|Any CPU
		{F9E27C5F-7288-46C9-B6B0-8A799EB36FFD}.Debug|Any CPU.ActiveCfg = Debug|Any CPU
		{F9E27C5F-7288-46C9-B6B0-8A799EB36FFD}.Debug|Any CPU.Build.0 = Debug|Any CPU
		{F9E27C5F-7288-46C9-B6B0-8A799EB36FFD}.Release|Any CPU.ActiveCfg = Release|Any CPU
		{F9E27C5F-7288-46C9-B6B0-8A799EB36FFD}.Release|Any CPU.Build.0 = Release|Any CPU
		{B988141F-1258-4466-AF53-DCEE43BC8C44}.Debug|Any CPU.ActiveCfg = Debug|Any CPU
		{B988141F-1258-4466-AF53-DCEE43BC8C44}.Debug|Any CPU.Build.0 = Debug|Any CPU
		{B988141F-1258-4466-AF53-DCEE43BC8C44}.Release|Any CPU.ActiveCfg = Release|Any CPU
		{B988141F-1258-4466-AF53-DCEE43BC8C44}.Release|Any CPU.Build.0 = Release|Any CPU
		{81549BAB-B1B9-45AC-AEEF-AEEE507CAEF5}.Debug|Any CPU.ActiveCfg = Debug|Any CPU
		{81549BAB-B1B9-45AC-AEEF-AEEE507CAEF5}.Debug|Any CPU.Build.0 = Debug|Any CPU
		{81549BAB-B1B9-45AC-AEEF-AEEE507CAEF5}.Release|Any CPU.ActiveCfg = Release|Any CPU
		{81549BAB-B1B9-45AC-AEEF-AEEE507CAEF5}.Release|Any CPU.Build.0 = Release|Any CPU
	EndGlobalSection
	GlobalSection(SolutionProperties) = preSolution
		HideSolutionNode = FALSE
	EndGlobalSection
EndGlobal
